{
  "pins" : [
    {
      "identity" : "grdb.swift",
      "kind" : "remoteSourceControl",
      "location" : "https://github.com/groue/GRDB.swift.git",
      "state" : {
        "branch" : "master",
        "revision" : "8fa434272e19977af4bb6e0557cf6fe44f2fb943"
      }
    },
    {
      "identity" : "optionallydecodable",
      "kind" : "remoteSourceControl",
      "location" : "https://github.com/idrougge/OptionallyDecodable",
      "state" : {
        "revision" : "0171cdf9e90233c68302b95fb6063f2f7279b031",
        "version" : "1.2.0"
      }
    },
    {
      "identity" : "resolver",
      "kind" : "remoteSourceControl",
      "location" : "https://github.com/hmlongco/Resolver.git",
      "state" : {
        "branch" : "master",
        "revision" : "c1c5ce3f7b567d3f813ca341087658cf13795918"
      }
    }
  ],
  "version" : 2
}
